
Microsoft Visual Studio Solution File, Format Version 12.00
# Visual Studio 2013
VisualStudioVersion = 12.0.40629.0
MinimumVisualStudioVersion = 10.0.40219.1
Project("{8BC9CEB8-8B4A-11D0-8D11-00A0C91BC942}") = "Pascals Formula", "Pascals Formula\Pascals Formula.vcxproj", "{2DE833A8-E353-4EC4-BDAF-E6EC7235717B}"
EndProject
Global
	GlobalSection(SolutionConfigurationPlatforms) = preSolution
		Debug|Win32 = Debug|Win32
		Release|Win32 = Release|Win32
	EndGlobalSection
	GlobalSection(ProjectConfigurationPlatforms) = postSolution
		{2DE833A8-E353-4EC4-BDAF-E6EC7235717B}.Debug|Win32.ActiveCfg = Debug|Win32
		{2DE833A8-E353-4EC4-BDAF-E6EC7235717B}.Debug|Win32.Build.0 = Debug|Win32
		{2DE833A8-E353-4EC4-BDAF-E6EC7235717B}.Release|Win32.ActiveCfg = Release|Win32
		{2DE833A8-E353-4EC4-BDAF-E6EC7235717B}.Release|Win32.Build.0 = Release|Win32
	EndGlobalSection
	GlobalSection(SolutionProperties) = preSolution
		HideSolutionNode = FALSE
	EndGlobalSection
EndGlobal
